
Microsoft Visual Studio Solution File, Format Version 12.00
# Visual Studio Version 17
VisualStudioVersion = 17.5.33516.290
MinimumVisualStudioVersion = 10.0.40219.1
Project("{9A19103F-16F7-4668-BE54-9A1E7A4F7556}") = "LIN.Notes", "LIN.Notes\LIN.Notes.csproj", "{71DADCA5-4F3E-4B0C-9E88-786F966FD4EF}"
EndProject
Project("{9A19103F-16F7-4668-BE54-9A1E7A4F7556}") = "LIN.Access.Logger", "..\..\AccesoAPI\LIN.Access.Logger\LIN.Access.Logger.csproj", "{11251D84-58C6-4BF9-A1E7-1F21D81C39A6}"
EndProject
Project("{9A19103F-16F7-4668-BE54-9A1E7A4F7556}") = "LIN.Notes.Persistence", "LIN.Notes.Persistence\LIN.Notes.Persistence.csproj", "{04D95CA7-7BAF-44F8-93C0-A409692BDD50}"
EndProject
Global
	GlobalSection(SolutionConfigurationPlatforms) = preSolution
		Debug|Any CPU = Debug|Any CPU
		Local|Any CPU = Local|Any CPU
		Release|Any CPU = Release|Any CPU
	EndGlobalSection
	GlobalSection(ProjectConfigurationPlatforms) = postSolution
		{71DADCA5-4F3E-4B0C-9E88-786F966FD4EF}.Debug|Any CPU.ActiveCfg = Debug|Any CPU
		{71DADCA5-4F3E-4B0C-9E88-786F966FD4EF}.Debug|Any CPU.Build.0 = Debug|Any CPU
		{71DADCA5-4F3E-4B0C-9E88-786F966FD4EF}.Local|Any CPU.ActiveCfg = Local|Any CPU
		{71DADCA5-4F3E-4B0C-9E88-786F966FD4EF}.Local|Any CPU.Build.0 = Local|Any CPU
		{71DADCA5-4F3E-4B0C-9E88-786F966FD4EF}.Release|Any CPU.ActiveCfg = Release|Any CPU
		{71DADCA5-4F3E-4B0C-9E88-786F966FD4EF}.Release|Any CPU.Build.0 = Release|Any CPU
		{11251D84-58C6-4BF9-A1E7-1F21D81C39A6}.Debug|Any CPU.ActiveCfg = Debug|Any CPU
		{11251D84-58C6-4BF9-A1E7-1F21D81C39A6}.Debug|Any CPU.Build.0 = Debug|Any CPU
		{11251D84-58C6-4BF9-A1E7-1F21D81C39A6}.Local|Any CPU.ActiveCfg = Debug|Any CPU
		{11251D84-58C6-4BF9-A1E7-1F21D81C39A6}.Local|Any CPU.Build.0 = Debug|Any CPU
		{11251D84-58C6-4BF9-A1E7-1F21D81C39A6}.Release|Any CPU.ActiveCfg = Release|Any CPU
		{11251D84-58C6-4BF9-A1E7-1F21D81C39A6}.Release|Any CPU.Build.0 = Release|Any CPU
		{04D95CA7-7BAF-44F8-93C0-A409692BDD50}.Debug|Any CPU.ActiveCfg = Debug|Any CPU
		{04D95CA7-7BAF-44F8-93C0-A409692BDD50}.Debug|Any CPU.Build.0 = Debug|Any CPU
		{04D95CA7-7BAF-44F8-93C0-A409692BDD50}.Local|Any CPU.ActiveCfg = Debug|Any CPU
		{04D95CA7-7BAF-44F8-93C0-A409692BDD50}.Local|Any CPU.Build.0 = Debug|Any CPU
		{04D95CA7-7BAF-44F8-93C0-A409692BDD50}.Release|Any CPU.ActiveCfg = Release|Any CPU
		{04D95CA7-7BAF-44F8-93C0-A409692BDD50}.Release|Any CPU.Build.0 = Release|Any CPU
	EndGlobalSection
	GlobalSection(SolutionProperties) = preSolution
		HideSolutionNode = FALSE
	EndGlobalSection
	GlobalSection(ExtensibilityGlobals) = postSolution
		SolutionGuid = {F1C21486-0F75-4E25-A555-92297FB915DD}
	EndGlobalSection
EndGlobal
